
Microsoft Visual Studio Solution File, Format Version 12.00
# Visual Studio Version 16
VisualStudioVersion = 16.0.31605.320
MinimumVisualStudioVersion = 10.0.40219.1
Project("{FAE04EC0-301F-11D3-BF4B-00C04F79EFBC}") = "HTTPWinTimeSync", "HTTPWinTimeSync.csproj", "{AB52F663-B6E9-41CC-AB93-E55CE82389B0}"
EndProject
Project("{54435603-DBB4-11D2-8724-00A0C9A8B90C}") = "HTTPWinTimeSyncInstaller", "..\HTTPWinTimeSyncInstaller\HTTPWinTimeSyncInstaller.vdproj", "{FC8AAFF8-0968-4046-AF44-3CD3769E6F62}"
EndProject
Project("{2150E333-8FDC-42A3-9474-1A3956D46DE8}") = "Solution Items", "Solution Items", "{D87E1D42-8EA7-45EB-A170-BC7BFEAFE65A}"
	ProjectSection(SolutionItems) = preProject
		LICENSE.txt = LICENSE.txt
	EndProjectSection
EndProject
Global
	GlobalSection(SolutionConfigurationPlatforms) = preSolution
		Debug|Any CPU = Debug|Any CPU
		Release|Any CPU = Release|Any CPU
	EndGlobalSection
	GlobalSection(ProjectConfigurationPlatforms) = postSolution
		{AB52F663-B6E9-41CC-AB93-E55CE82389B0}.Debug|Any CPU.ActiveCfg = Debug|Any CPU
		{AB52F663-B6E9-41CC-AB93-E55CE82389B0}.Debug|Any CPU.Build.0 = Debug|Any CPU
		{AB52F663-B6E9-41CC-AB93-E55CE82389B0}.Release|Any CPU.ActiveCfg = Release|Any CPU
		{AB52F663-B6E9-41CC-AB93-E55CE82389B0}.Release|Any CPU.Build.0 = Release|Any CPU
		{FC8AAFF8-0968-4046-AF44-3CD3769E6F62}.Debug|Any CPU.ActiveCfg = Debug
		{FC8AAFF8-0968-4046-AF44-3CD3769E6F62}.Release|Any CPU.ActiveCfg = Release
	EndGlobalSection
	GlobalSection(SolutionProperties) = preSolution
		HideSolutionNode = FALSE
	EndGlobalSection
	GlobalSection(ExtensibilityGlobals) = postSolution
		SolutionGuid = {FBED71D0-0A14-49BD-AE41-5A6E6B937506}
	EndGlobalSection
EndGlobal
